
Microsoft Visual Studio Solution File, Format Version 12.00
# Visual Studio 15
VisualStudioVersion = 15.0.27130.2010
MinimumVisualStudioVersion = 10.0.40219.1
Project("{E24C65DC-7377-472B-9ABA-BC803B73C61A}") = "PracticeThree", "PracticeThree\", "{C24865A4-302C-4EBE-990F-55D2FAE962CE}"
	ProjectSection(WebsiteProperties) = preProject
		TargetFrameworkMoniker = ".NETFramework,Version%3Dv4.6.1"
		Debug.AspNetCompiler.VirtualPath = "/localhost_51957"
		Debug.AspNetCompiler.PhysicalPath = "PracticeThree\"
		Debug.AspNetCompiler.TargetPath = "PrecompiledWeb\localhost_51957\"
		Debug.AspNetCompiler.Updateable = "true"
		Debug.AspNetCompiler.ForceOverwrite = "true"
		Debug.AspNetCompiler.FixedNames = "false"
		Debug.AspNetCompiler.Debug = "True"
		Release.AspNetCompiler.VirtualPath = "/localhost_51957"
		Release.AspNetCompiler.PhysicalPath = "PracticeThree\"
		Release.AspNetCompiler.TargetPath = "PrecompiledWeb\localhost_51957\"
		Release.AspNetCompiler.Updateable = "true"
		Release.AspNetCompiler.ForceOverwrite = "true"
		Release.AspNetCompiler.FixedNames = "false"
		Release.AspNetCompiler.Debug = "False"
		VWDPort = "51957"
		SlnRelativePath = "PracticeThree\"
		DefaultWebSiteLanguage = "Visual C#"
	EndProjectSection
EndProject
Global
	GlobalSection(SolutionConfigurationPlatforms) = preSolution
		Debug|Any CPU = Debug|Any CPU
	EndGlobalSection
	GlobalSection(ProjectConfigurationPlatforms) = postSolution
		{C24865A4-302C-4EBE-990F-55D2FAE962CE}.Debug|Any CPU.ActiveCfg = Debug|Any CPU
		{C24865A4-302C-4EBE-990F-55D2FAE962CE}.Debug|Any CPU.Build.0 = Debug|Any CPU
	EndGlobalSection
	GlobalSection(SolutionProperties) = preSolution
		HideSolutionNode = FALSE
	EndGlobalSection
	GlobalSection(ExtensibilityGlobals) = postSolution
		SolutionGuid = {47CAA659-0C13-41BE-A48F-E1195014939C}
	EndGlobalSection
EndGlobal
